
Microsoft Visual Studio Solution File, Format Version 12.00
# Visual Studio 15
VisualStudioVersion = 15.0.27130.2027
MinimumVisualStudioVersion = 10.0.40219.1
Project("{FAE04EC0-301F-11D3-BF4B-00C04F79EFBC}") = "Contacts_Demo", "Contacts_Demo\Contacts_Demo.csproj", "{244DDA6D-3F60-48E9-99EB-9D4F964D1864}"
EndProject
Global
	GlobalSection(SolutionConfigurationPlatforms) = preSolution
		Debug|Any CPU = Debug|Any CPU
		Release|Any CPU = Release|Any CPU
	EndGlobalSection
	GlobalSection(ProjectConfigurationPlatforms) = postSolution
		{244DDA6D-3F60-48E9-99EB-9D4F964D1864}.Debug|Any CPU.ActiveCfg = Debug|Any CPU
		{244DDA6D-3F60-48E9-99EB-9D4F964D1864}.Debug|Any CPU.Build.0 = Debug|Any CPU
		{244DDA6D-3F60-48E9-99EB-9D4F964D1864}.Release|Any CPU.ActiveCfg = Release|Any CPU
		{244DDA6D-3F60-48E9-99EB-9D4F964D1864}.Release|Any CPU.Build.0 = Release|Any CPU
	EndGlobalSection
	GlobalSection(SolutionProperties) = preSolution
		HideSolutionNode = FALSE
	EndGlobalSection
	GlobalSection(ExtensibilityGlobals) = postSolution
		SolutionGuid = {BF7AC5AE-A385-4B85-A5BD-C4028AED4B75}
	EndGlobalSection
EndGlobal
